
Microsoft Visual Studio Solution File, Format Version 12.00
# Visual Studio Version 16
VisualStudioVersion = 16.0.31313.79
MinimumVisualStudioVersion = 10.0.40219.1
Project("{FAE04EC0-301F-11D3-BF4B-00C04F79EFBC}") = "AFS", "WebApplication3\AFS.csproj", "{31B479E9-276E-4FC6-BEDD-D3B729062015}"
EndProject
Global
	GlobalSection(SolutionConfigurationPlatforms) = preSolution
		Debug|Any CPU = Debug|Any CPU
		Release|Any CPU = Release|Any CPU
	EndGlobalSection
	GlobalSection(ProjectConfigurationPlatforms) = postSolution
		{31B479E9-276E-4FC6-BEDD-D3B729062015}.Debug|Any CPU.ActiveCfg = Debug|Any CPU
		{31B479E9-276E-4FC6-BEDD-D3B729062015}.Debug|Any CPU.Build.0 = Debug|Any CPU
		{31B479E9-276E-4FC6-BEDD-D3B729062015}.Release|Any CPU.ActiveCfg = Release|Any CPU
		{31B479E9-276E-4FC6-BEDD-D3B729062015}.Release|Any CPU.Build.0 = Release|Any CPU
	EndGlobalSection
	GlobalSection(SolutionProperties) = preSolution
		HideSolutionNode = FALSE
	EndGlobalSection
	GlobalSection(ExtensibilityGlobals) = postSolution
		SolutionGuid = {22FC071B-2979-4CCD-960D-01D3238D6125}
	EndGlobalSection
EndGlobal
